
Microsoft Visual Studio Solution File, Format Version 12.00
# Visual Studio Version 17
VisualStudioVersion = 17.9.34616.47
MinimumVisualStudioVersion = 10.0.40219.1
Project("{FAE04EC0-301F-11D3-BF4B-00C04F79EFBC}") = "SimpleMVCWebApp-CLDV", "SimpleMVCWebApp-CLDV\SimpleMVCWebApp-CLDV.csproj", "{9E3BB225-34E6-4313-B99A-C54C5723AECE}"
EndProject
Global
	GlobalSection(SolutionConfigurationPlatforms) = preSolution
		Debug|Any CPU = Debug|Any CPU
		Release|Any CPU = Release|Any CPU
	EndGlobalSection
	GlobalSection(ProjectConfigurationPlatforms) = postSolution
		{9E3BB225-34E6-4313-B99A-C54C5723AECE}.Debug|Any CPU.ActiveCfg = Debug|Any CPU
		{9E3BB225-34E6-4313-B99A-C54C5723AECE}.Debug|Any CPU.Build.0 = Debug|Any CPU
		{9E3BB225-34E6-4313-B99A-C54C5723AECE}.Release|Any CPU.ActiveCfg = Release|Any CPU
		{9E3BB225-34E6-4313-B99A-C54C5723AECE}.Release|Any CPU.Build.0 = Release|Any CPU
	EndGlobalSection
	GlobalSection(SolutionProperties) = preSolution
		HideSolutionNode = FALSE
	EndGlobalSection
	GlobalSection(ExtensibilityGlobals) = postSolution
		SolutionGuid = {8C03CA33-5966-48E6-8835-7C2602B530B0}
	EndGlobalSection
EndGlobal
